// !$*UTF8*$!
{
	archiveVersion = 1;
	classes = {
	};
	objectVersion = 46;
	objects = {

/* Begin PBXBuildFile section */
		CC085D45177CEDAD00DC9F60 /* UIKit.framework in Frameworks */ = {isa = PBXBuildFile; fileRef = CC085D44177CEDAD00DC9F60 /* UIKit.framework */; };
		CC085D47177CEDAD00DC9F60 /* Foundation.framework in Frameworks */ = {isa = PBXBuildFile; fileRef = CC085D46177CEDAD00DC9F60 /* Foundation.framework */; };
		CC085D49177CEDAD00DC9F60 /* CoreGraphics.framework in Frameworks */ = {isa = PBXBuildFile; fileRef = CC085D48177CEDAD00DC9F60 /* CoreGraphics.framework */; };
		CC085D4F177CEDAD00DC9F60 /* InfoPlist.strings in Resources */ = {isa = PBXBuildFile; fileRef = CC085D4D177CEDAD00DC9F60 /* InfoPlist.strings */; };
		CC085D51177CEDAD00DC9F60 /* main.m in Sources */ = {isa = PBXBuildFile; fileRef = CC085D50177CEDAD00DC9F60 /* main.m */; };
		CC085D55177CEDAD00DC9F60 /* AppDelegate.m in Sources */ = {isa = PBXBuildFile; fileRef = CC085D54177CEDAD00DC9F60 /* AppDelegate.m */; };
		CC085D57177CEDAD00DC9F60 /* Default.png in Resources */ = {isa = PBXBuildFile; fileRef = CC085D56177CEDAD00DC9F60 /* Default.png */; };
		CC085D59177CEDAD00DC9F60 /* Default@2x.png in Resources */ = {isa = PBXBuildFile; fileRef = CC085D58177CEDAD00DC9F60 /* Default@2x.png */; };
		CC085D5B177CEDAD00DC9F60 /* Default-568h@2x.png in Resources */ = {isa = PBXBuildFile; fileRef = CC085D5A177CEDAD00DC9F60 /* Default-568h@2x.png */; };
		CC085D5E177CEDAD00DC9F60 /* ViewController.m in Sources */ = {isa = PBXBuildFile; fileRef = CC085D5D177CEDAD00DC9F60 /* ViewController.m */; };
		CC085D61177CEDAD00DC9F60 /* ViewController.xib in Resources */ = {isa = PBXBuildFile; fileRef = CC085D5F177CEDAD00DC9F60 /* ViewController.xib */; };
/* End PBXBuildFile section */

/* Begin PBXFileReference section */
		CC085D41177CEDAD00DC9F60 /* OC1 Project 4.app */ = {isa = PBXFileReference; explicitFileType = wrapper.application; includeInIndex = 0; path = "OC1 Project 4.app"; sourceTree = BUILT_PRODUCTS_DIR; };
		CC085D44177CEDAD00DC9F60 /* UIKit.framework */ = {isa = PBXFileReference; lastKnownFileType = wrapper.framework; name = UIKit.framework; path = System/Library/Frameworks/UIKit.framework; sourceTree = SDKROOT; };
		CC085D46177CEDAD00DC9F60 /* Foundation.framework */ = {isa = PBXFileReference; lastKnownFileType = wrapper.framework; name = Foundation.framework; path = System/Library/Frameworks/Foundation.framework; sourceTree = SDKROOT; };
		CC085D48177CEDAD00DC9F60 /* CoreGraphics.framework */ = {isa = PBXFileReference; lastKnownFileType = wrapper.framework; name = CoreGraphics.framework; path = System/Library/Frameworks/CoreGraphics.framework; sourceTree = SDKROOT; };
		CC085D4C177CEDAD00DC9F60 /* OC1 Project 4-Info.plist */ = {isa = PBXFileReference; lastKnownFileType = text.plist.xml; path = "OC1 Project 4-Info.plist"; sourceTree = "<group>"; };
		CC085D4E177CEDAD00DC9F60 /* en */ = {isa = PBXFileReference; lastKnownFileType = text.plist.strings; name = en; path = en.lproj/InfoPlist.strings; sourceTree = "<group>"; };
		CC085D50177CEDAD00DC9F60 /* main.m */ = {isa = PBXFileReference; lastKnownFileType = sourcecode.c.objc; path = main.m; sourceTree = "<group>"; };
		CC085D52177CEDAD00DC9F60 /* OC1 Project 4-Prefix.pch */ = {isa = PBXFileReference; lastKnownFileType = sourcecode.c.h; path = "OC1 Project 4-Prefix.pch"; sourceTree = "<group>"; };
		CC085D53177CEDAD00DC9F60 /* AppDelegate.h */ = {isa = PBXFileReference; lastKnownFileType = sourcecode.c.h; path = AppDelegate.h; sourceTree = "<group>"; };
		CC085D54177CEDAD00DC9F60 /* AppDelegate.m */ = {isa = PBXFileReference; lastKnownFileType = sourcecode.c.objc; path = AppDelegate.m; sourceTree = "<group>"; };
		CC085D56177CEDAD00DC9F60 /* Default.png */ = {isa = PBXFileReference; lastKnownFileType = image.png; path = Default.png; sourceTree = "<group>"; };
		CC085D58177CEDAD00DC9F60 /* Default@2x.png */ = {isa = PBXFileReference; lastKnownFileType = image.png; path = "Default@2x.png"; sourceTree = "<group>"; };
		CC085D5A177CEDAD00DC9F60 /* Default-568h@2x.png */ = {isa = PBXFileReference; lastKnownFileType = image.png; path = "Default-568h@2x.png"; sourceTree = "<group>"; };
		CC085D5C177CEDAD00DC9F60 /* ViewController.h */ = {isa = PBXFileReference; lastKnownFileType = sourcecode.c.h; path = ViewController.h; sourceTree = "<group>"; };
		CC085D5D177CEDAD00DC9F60 /* ViewController.m */ = {isa = PBXFileReference; lastKnownFileType = sourcecode.c.objc; path = ViewController.m; sourceTree = "<group>"; };
		CC085D60177CEDAD00DC9F60 /* en */ = {isa = PBXFileReference; lastKnownFileType = file.xib; name = en; path = en.lproj/ViewController.xib; sourceTree = "<group>"; };
/* End PBXFileReference section */

/* Begin PBXFrameworksBuildPhase section */
		CC085D3E177CEDAD00DC9F60 /* Frameworks */ = {
			isa = PBXFrameworksBuildPhase;
			buildActionMask = 2147483647;
			files = (
				CC085D45177CEDAD00DC9F60 /* UIKit.framework in Frameworks */,
				CC085D47177CEDAD00DC9F60 /* Foundation.framework in Frameworks */,
				CC085D49177CEDAD00DC9F60 /* CoreGraphics.framework in Frameworks */,
			);
			runOnlyForDeploymentPostprocessing = 0;
		};
/* End PBXFrameworksBuildPhase section */

/* Begin PBXGroup section */
		CC085D38177CEDAD00DC9F60 = {
			isa = PBXGroup;
			children = (
				CC085D4A177CEDAD00DC9F60 /* OC1 Project 4 */,
				CC085D43177CEDAD00DC9F60 /* Frameworks */,
				CC085D42177CEDAD00DC9F60 /* Products */,
			);
			sourceTree = "<group>";
		};
		CC085D42177CEDAD00DC9F60 /* Products */ = {
			isa = PBXGroup;
			children = (
				CC085D41177CEDAD00DC9F60 /* OC1 Project 4.app */,
			);
			name = Products;
			sourceTree = "<group>";
		};
		CC085D43177CEDAD00DC9F60 /* Frameworks */ = {
			isa = PBXGroup;
			children = (
				CC085D44177CEDAD00DC9F60 /* UIKit.framework */,
				CC085D46177CEDAD00DC9F60 /* Foundation.framework */,
				CC085D48177CEDAD00DC9F60 /* CoreGraphics.framework */,
			);
			name = Frameworks;
			sourceTree = "<group>";
		};
		CC085D4A177CEDAD00DC9F60 /* OC1 Project 4 */ = {
			isa = PBXGroup;
			children = (
				CC085D53177CEDAD00DC9F60 /* AppDelegate.h */,
				CC085D54177CEDAD00DC9F60 /* AppDelegate.m */,
				CC085D5C177CEDAD00DC9F60 /* ViewController.h */,
				CC085D5D177CEDAD00DC9F60 /* ViewController.m */,
				CC085D5F177CEDAD00DC9F60 /* ViewController.xib */,
				CC085D4B177CEDAD00DC9F60 /* Supporting Files */,
			);
			path = "OC1 Project 4";
			sourceTree = "<group>";
		};
		CC085D4B177CEDAD00DC9F60 /* Supporting Files */ = {
			isa = PBXGroup;
			children = (
				CC085D4C177CEDAD00DC9F60 /* OC1 Project 4-Info.plist */,
				CC085D4D177CEDAD00DC9F60 /* InfoPlist.strings */,
				CC085D50177CEDAD00DC9F60 /* main.m */,
				CC085D52177CEDAD00DC9F60 /* OC1 Project 4-Prefix.pch */,
				CC085D56177CEDAD00DC9F60 /* Default.png */,
				CC085D58177CEDAD00DC9F60 /* Default@2x.png */,
				CC085D5A177CEDAD00DC9F60 /* Default-568h@2x.png */,
			);
			name = "Supporting Files";
			sourceTree = "<group>";
		};
/* End PBXGroup section */

/* Begin PBXNativeTarget section */
		CC085D40177CEDAD00DC9F60 /* OC1 Project 4 */ = {
			isa = PBXNativeTarget;
			buildConfigurationList = CC085D64177CEDAD00DC9F60 /* Build configuration list for PBXNativeTarget "OC1 Project 4" */;
			buildPhases = (
				CC085D3D177CEDAD00DC9F60 /* Sources */,
				CC085D3E177CEDAD00DC9F60 /* Frameworks */,
				CC085D3F177CEDAD00DC9F60 /* Resources */,
			);
			buildRules = (
			);
			dependencies = (
			);
			name = "OC1 Project 4";
			productName = "OC1 Project 4";
			productReference = CC085D41177CEDAD00DC9F60 /* OC1 Project 4.app */;
			productType = "com.apple.product-type.application";
		};
/* End PBXNativeTarget section */

/* Begin PBXProject section */
		CC085D39177CEDAD00DC9F60 /* Project object */ = {
			isa = PBXProject;
			attributes = {
				LastUpgradeCheck = 0460;
				ORGANIZATIONNAME = "Tim Cook";
			};
			buildConfigurationList = CC085D3C177CEDAD00DC9F60 /* Build configuration list for PBXProject "OC1 Project 4" */;
			compatibilityVersion = "Xcode 3.2";
			developmentRegion = English;
			hasScannedForEncodings = 0;
			knownRegions = (
				en,
			);
			mainGroup = CC085D38177CEDAD00DC9F60;
			productRefGroup = CC085D42177CEDAD00DC9F60 /* Products */;
			projectDirPath = "";
			projectRoot = "";
			targets = (
				CC085D40177CEDAD00DC9F60 /* OC1 Project 4 */,
			);
		};
/* End PBXProject section */

/* Begin PBXResourcesBuildPhase section */
		CC085D3F177CEDAD00DC9F60 /* Resources */ = {
			isa = PBXResourcesBuildPhase;
			buildActionMask = 2147483647;
			files = (
				CC085D4F177CEDAD00DC9F60 /* InfoPlist.strings in Resources */,
				CC085D57177CEDAD00DC9F60 /* Default.png in Resources */,
				CC085D59177CEDAD00DC9F60 /* Default@2x.png in Resources */,
				CC085D5B177CEDAD00DC9F60 /* Default-568h@2x.png in Resources */,
				CC085D61177CEDAD00DC9F60 /* ViewController.xib in Resources */,
			);
			runOnlyForDeploymentPostprocessing = 0;
		};
/* End PBXResourcesBuildPhase section */

/* Begin PBXSourcesBuildPhase section */
		CC085D3D177CEDAD00DC9F60 /* Sources */ = {
			isa = PBXSourcesBuildPhase;
			buildActionMask = 2147483647;
			files = (
				CC085D51177CEDAD00DC9F60 /* main.m in Sources */,
				CC085D55177CEDAD00DC9F60 /* AppDelegate.m in Sources */,
				CC085D5E177CEDAD00DC9F60 /* ViewController.m in Sources */,
			);
			runOnlyForDeploymentPostprocessing = 0;
		};
/* End PBXSourcesBuildPhase section */

/* Begin PBXVariantGroup section */
		CC085D4D177CEDAD00DC9F60 /* InfoPlist.strings */ = {
			isa = PBXVariantGroup;
			children = (
				CC085D4E177CEDAD00DC9F60 /* en */,
			);
			name = InfoPlist.strings;
			sourceTree = "<group>";
		};
		CC085D5F177CEDAD00DC9F60 /* ViewController.xib */ = {
			isa = PBXVariantGroup;
			children = (
				CC085D60177CEDAD00DC9F60 /* en */,
			);
			name = ViewController.xib;
			sourceTree = "<group>";
		};
/* End PBXVariantGroup section */

/* Begin XCBuildConfiguration section */
		CC085D62177CEDAD00DC9F60 /* Debug */ = {
			isa = XCBuildConfiguration;
			buildSettings = {
				ALWAYS_SEARCH_USER_PATHS = NO;
				CLANG_CXX_LANGUAGE_STANDARD = "gnu++0x";
				CLANG_CXX_LIBRARY = "libc++";
				CLANG_WARN_CONSTANT_CONVERSION = YES;
				CLANG_WARN_EMPTY_BODY = YES;
				CLANG_WARN_ENUM_CONVERSION = YES;
				CLANG_WARN_INT_CONVERSION = YES;
				CLANG_WARN__DUPLICATE_METHOD_MATCH = YES;
				"CODE_SIGN_IDENTITY[sdk=iphoneos*]" = "iPhone Developer";
				COPY_PHASE_STRIP = NO;
				GCC_C_LANGUAGE_STANDARD = gnu99;
				GCC_DYNAMIC_NO_PIC = NO;
				GCC_OPTIMIZATION_LEVEL = 0;
				GCC_PREPROCESSOR_DEFINITIONS = (
					"DEBUG=1",
					"$(inherited)",
				);
				GCC_SYMBOLS_PRIVATE_EXTERN = NO;
				GCC_WARN_ABOUT_RETURN_TYPE = YES;
				GCC_WARN_UNINITIALIZED_AUTOS = YES;
				GCC_WARN_UNUSED_VARIABLE = YES;
				IPHONEOS_DEPLOYMENT_TARGET = 6.1;
				ONLY_ACTIVE_ARCH = YES;
				SDKROOT = iphoneos;
			};
			name = Debug;
		};
		CC085D63177CEDAD00DC9F60 /* Release */ = {
			isa = XCBuildConfiguration;
			buildSettings = {
				ALWAYS_SEARCH_USER_PATHS = NO;
				CLANG_CXX_LANGUAGE_STANDARD = "gnu++0x";
				CLANG_CXX_LIBRARY = "libc++";
				CLANG_WARN_CONSTANT_CONVERSION = YES;
				CLANG_WARN_EMPTY_BODY = YES;
				CLANG_WARN_ENUM_CONVERSION = YES;
				CLANG_WARN_INT_CONVERSION = YES;
				CLANG_WARN__DUPLICATE_METHOD_MATCH = YES;
				"CODE_SIGN_IDENTITY[sdk=iphoneos*]" = "iPhone Developer";
				COPY_PHASE_STRIP = YES;
				GCC_C_LANGUAGE_STANDARD = gnu99;
				GCC_WARN_ABOUT_RETURN_TYPE = YES;
				GCC_WARN_UNINITIALIZED_AUTOS = YES;
				GCC_WARN_UNUSED_VARIABLE = YES;
				IPHONEOS_DEPLOYMENT_TARGET = 6.1;
				OTHER_CFLAGS = "-DNS_BLOCK_ASSERTIONS=1";
				SDKROOT = iphoneos;
				VALIDATE_PRODUCT = YES;
			};
			name = Release;
		};
		CC085D65177CEDAD00DC9F60 /* Debug */ = {
			isa = XCBuildConfiguration;
			buildSettings = {
				GCC_PRECOMPILE_PREFIX_HEADER = YES;
				GCC_PREFIX_HEADER = "OC1 Project 4/OC1 Project 4-Prefix.pch";
				INFOPLIST_FILE = "OC1 Project 4/OC1 Project 4-Info.plist";
				PRODUCT_NAME = "$(TARGET_NAME)";
				WRAPPER_EXTENSION = app;
			};
			name = Debug;
		};
		CC085D66177CEDAD00DC9F60 /* Release */ = {
			isa = XCBuildConfiguration;
			buildSettings = {
				GCC_PRECOMPILE_PREFIX_HEADER = YES;
				GCC_PREFIX_HEADER = "OC1 Project 4/OC1 Project 4-Prefix.pch";
				INFOPLIST_FILE = "OC1 Project 4/OC1 Project 4-Info.plist";
				PRODUCT_NAME = "$(TARGET_NAME)";
				WRAPPER_EXTENSION = app;
			};
			name = Release;
		};
/* End XCBuildConfiguration section */

/* Begin XCConfigurationList section */
		CC085D3C177CEDAD00DC9F60 /* Build configuration list for PBXProject "OC1 Project 4" */ = {
			isa = XCConfigurationList;
			buildConfigurations = (
				CC085D62177CEDAD00DC9F60 /* Debug */,
				CC085D63177CEDAD00DC9F60 /* Release */,
			);
			defaultConfigurationIsVisible = 0;
			defaultConfigurationName = Release;
		};
		CC085D64177CEDAD00DC9F60 /* Build configuration list for PBXNativeTarget "OC1 Project 4" */ = {
			isa = XCConfigurationList;
			buildConfigurations = (
				CC085D65177CEDAD00DC9F60 /* Debug */,
				CC085D66177CEDAD00DC9F60 /* Release */,
			);
			defaultConfigurationIsVisible = 0;
		};
/* End XCConfigurationList section */
	};
	rootObject = CC085D39177CEDAD00DC9F60 /* Project object */;
}
